
Microsoft Visual Studio Solution File, Format Version 12.00
# Blend for Visual Studio 15
VisualStudioVersion = 15.0.27703.2035
MinimumVisualStudioVersion = 10.0.40219.1
Project("{2150E333-8FDC-42A3-9474-1A3956D46DE8}") = "Platforms", "Platforms", "{F3C6EE63-3539-4AD4-B222-2E6D7EB6ADA3}"
EndProject
Project("{FAE04EC0-301F-11D3-BF4B-00C04F79EFBC}") = "AVGEngine", "AVGEngine\AVGEngine.csproj", "{A6EC0087-A906-4703-B29F-FAAC590A3513}"
EndProject
Project("{FAE04EC0-301F-11D3-BF4B-00C04F79EFBC}") = "AVGGame.Android", "AVGGame\AVGGame.Android\AVGGame.Android.csproj", "{B22073E8-5276-4143-86BD-467CC4E05373}"
EndProject
Project("{FAE04EC0-301F-11D3-BF4B-00C04F79EFBC}") = "AVGGame.iOS", "AVGGame\AVGGame.iOS\AVGGame.iOS.csproj", "{75C1FE5A-F265-4647-AA46-19634ADC391E}"
EndProject
Project("{FAE04EC0-301F-11D3-BF4B-00C04F79EFBC}") = "AVGGame.UWP", "AVGGame\AVGGame.UWP\AVGGame.UWP.csproj", "{65C3D8B8-589A-4EDC-8980-35EACA533763}"
EndProject
Project("{FAE04EC0-301F-11D3-BF4B-00C04F79EFBC}") = "AVGGame", "AVGGame\AVGGame\AVGGame.csproj", "{76B83629-EDFB-4BD5-914E-61FFC51B71A7}"
EndProject
Global
	GlobalSection(SolutionConfigurationPlatforms) = preSolution
		Ad-Hoc|Any CPU = Ad-Hoc|Any CPU
		Ad-Hoc|ARM = Ad-Hoc|ARM
		Ad-Hoc|iPhone = Ad-Hoc|iPhone
		Ad-Hoc|iPhoneSimulator = Ad-Hoc|iPhoneSimulator
		Ad-Hoc|x64 = Ad-Hoc|x64
		Ad-Hoc|x86 = Ad-Hoc|x86
		AppStore|Any CPU = AppStore|Any CPU
		AppStore|ARM = AppStore|ARM
		AppStore|iPhone = AppStore|iPhone
		AppStore|iPhoneSimulator = AppStore|iPhoneSimulator
		AppStore|x64 = AppStore|x64
		AppStore|x86 = AppStore|x86
		Debug|Any CPU = Debug|Any CPU
		Debug|ARM = Debug|ARM
		Debug|iPhone = Debug|iPhone
		Debug|iPhoneSimulator = Debug|iPhoneSimulator
		Debug|x64 = Debug|x64
		Debug|x86 = Debug|x86
		Release|Any CPU = Release|Any CPU
		Release|ARM = Release|ARM
		Release|iPhone = Release|iPhone
		Release|iPhoneSimulator = Release|iPhoneSimulator
		Release|x64 = Release|x64
		Release|x86 = Release|x86
	EndGlobalSection
	GlobalSection(ProjectConfigurationPlatforms) = postSolution
		{A6EC0087-A906-4703-B29F-FAAC590A3513}.Ad-Hoc|Any CPU.ActiveCfg = Debug|Any CPU
		{A6EC0087-A906-4703-B29F-FAAC590A3513}.Ad-Hoc|Any CPU.Build.0 = Debug|Any CPU
		{A6EC0087-A906-4703-B29F-FAAC590A3513}.Ad-Hoc|ARM.ActiveCfg = Debug|Any CPU
		{A6EC0087-A906-4703-B29F-FAAC590A3513}.Ad-Hoc|ARM.Build.0 = Debug|Any CPU
		{A6EC0087-A906-4703-B29F-FAAC590A3513}.Ad-Hoc|iPhone.ActiveCfg = Debug|Any CPU
		{A6EC0087-A906-4703-B29F-FAAC590A3513}.Ad-Hoc|iPhone.Build.0 = Debug|Any CPU
		{A6EC0087-A906-4703-B29F-FAAC590A3513}.Ad-Hoc|iPhoneSimulator.ActiveCfg = Debug|Any CPU
		{A6EC0087-A906-4703-B29F-FAAC590A3513}.Ad-Hoc|iPhoneSimulator.Build.0 = Debug|Any CPU
		{A6EC0087-A906-4703-B29F-FAAC590A3513}.Ad-Hoc|x64.ActiveCfg = Debug|Any CPU
		{A6EC0087-A906-4703-B29F-FAAC590A3513}.Ad-Hoc|x64.Build.0 = Debug|Any CPU
		{A6EC0087-A906-4703-B29F-FAAC590A3513}.Ad-Hoc|x86.ActiveCfg = Debug|Any CPU
		{A6EC0087-A906-4703-B29F-FAAC590A3513}.Ad-Hoc|x86.Build.0 = Debug|Any CPU
		{A6EC0087-A906-4703-B29F-FAAC590A3513}.AppStore|Any CPU.ActiveCfg = Debug|Any CPU
		{A6EC0087-A906-4703-B29F-FAAC590A3513}.AppStore|Any CPU.Build.0 = Debug|Any CPU
		{A6EC0087-A906-4703-B29F-FAAC590A3513}.AppStore|ARM.ActiveCfg = Debug|Any CPU
		{A6EC0087-A906-4703-B29F-FAAC590A3513}.AppStore|ARM.Build.0 = Debug|Any CPU
		{A6EC0087-A906-4703-B29F-FAAC590A3513}.AppStore|iPhone.ActiveCfg = Debug|Any CPU
		{A6EC0087-A906-4703-B29F-FAAC590A3513}.AppStore|iPhone.Build.0 = Debug|Any CPU
		{A6EC0087-A906-4703-B29F-FAAC590A3513}.AppStore|iPhoneSimulator.ActiveCfg = Debug|Any CPU
		{A6EC0087-A906-4703-B29F-FAAC590A3513}.AppStore|iPhoneSimulator.Build.0 = Debug|Any CPU
		{A6EC0087-A906-4703-B29F-FAAC590A3513}.AppStore|x64.ActiveCfg = Debug|Any CPU
		{A6EC0087-A906-4703-B29F-FAAC590A3513}.AppStore|x64.Build.0 = Debug|Any CPU
		{A6EC0087-A906-4703-B29F-FAAC590A3513}.AppStore|x86.ActiveCfg = Debug|Any CPU
		{A6EC0087-A906-4703-B29F-FAAC590A3513}.AppStore|x86.Build.0 = Debug|Any CPU
		{A6EC0087-A906-4703-B29F-FAAC590A3513}.Debug|Any CPU.ActiveCfg = Debug|Any CPU
		{A6EC0087-A906-4703-B29F-FAAC590A3513}.Debug|Any CPU.Build.0 = Debug|Any CPU
		{A6EC0087-A906-4703-B29F-FAAC590A3513}.Debug|ARM.ActiveCfg = Debug|Any CPU
		{A6EC0087-A906-4703-B29F-FAAC590A3513}.Debug|ARM.Build.0 = Debug|Any CPU
		{A6EC0087-A906-4703-B29F-FAAC590A3513}.Debug|iPhone.ActiveCfg = Debug|Any CPU
		{A6EC0087-A906-4703-B29F-FAAC590A3513}.Debug|iPhone.Build.0 = Debug|Any CPU
		{A6EC0087-A906-4703-B29F-FAAC590A3513}.Debug|iPhoneSimulator.ActiveCfg = Debug|Any CPU
		{A6EC0087-A906-4703-B29F-FAAC590A3513}.Debug|iPhoneSimulator.Build.0 = Debug|Any CPU
		{A6EC0087-A906-4703-B29F-FAAC590A3513}.Debug|x64.ActiveCfg = Debug|Any CPU
		{A6EC0087-A906-4703-B29F-FAAC590A3513}.Debug|x64.Build.0 = Debug|Any CPU
		{A6EC0087-A906-4703-B29F-FAAC590A3513}.Debug|x86.ActiveCfg = Debug|Any CPU
		{A6EC0087-A906-4703-B29F-FAAC590A3513}.Debug|x86.Build.0 = Debug|Any CPU
		{A6EC0087-A906-4703-B29F-FAAC590A3513}.Release|Any CPU.ActiveCfg = Release|Any CPU
		{A6EC0087-A906-4703-B29F-FAAC590A3513}.Release|Any CPU.Build.0 = Release|Any CPU
		{A6EC0087-A906-4703-B29F-FAAC590A3513}.Release|ARM.ActiveCfg = Release|Any CPU
		{A6EC0087-A906-4703-B29F-FAAC590A3513}.Release|ARM.Build.0 = Release|Any CPU
		{A6EC0087-A906-4703-B29F-FAAC590A3513}.Release|iPhone.ActiveCfg = Release|Any CPU
		{A6EC0087-A906-4703-B29F-FAAC590A3513}.Release|iPhone.Build.0 = Release|Any CPU
		{A6EC0087-A906-4703-B29F-FAAC590A3513}.Release|iPhoneSimulator.ActiveCfg = Release|Any CPU
		{A6EC0087-A906-4703-B29F-FAAC590A3513}.Release|iPhoneSimulator.Build.0 = Release|Any CPU
		{A6EC0087-A906-4703-B29F-FAAC590A3513}.Release|x64.ActiveCfg = Release|Any CPU
		{A6EC0087-A906-4703-B29F-FAAC590A3513}.Release|x64.Build.0 = Release|Any CPU
		{A6EC0087-A906-4703-B29F-FAAC590A3513}.Release|x86.ActiveCfg = Release|Any CPU
		{A6EC0087-A906-4703-B29F-FAAC590A3513}.Release|x86.Build.0 = Release|Any CPU
		{B22073E8-5276-4143-86BD-467CC4E05373}.Ad-Hoc|Any CPU.ActiveCfg = Release|Any CPU
		{B22073E8-5276-4143-86BD-467CC4E05373}.Ad-Hoc|Any CPU.Build.0 = Release|Any CPU
		{B22073E8-5276-4143-86BD-467CC4E05373}.Ad-Hoc|Any CPU.Deploy.0 = Release|Any CPU
		{B22073E8-5276-4143-86BD-467CC4E05373}.Ad-Hoc|ARM.ActiveCfg = Release|Any CPU
		{B22073E8-5276-4143-86BD-467CC4E05373}.Ad-Hoc|ARM.Build.0 = Release|Any CPU
		{B22073E8-5276-4143-86BD-467CC4E05373}.Ad-Hoc|ARM.Deploy.0 = Release|Any CPU
		{B22073E8-5276-4143-86BD-467CC4E05373}.Ad-Hoc|iPhone.ActiveCfg = Release|Any CPU
		{B22073E8-5276-4143-86BD-467CC4E05373}.Ad-Hoc|iPhone.Build.0 = Release|Any CPU
		{B22073E8-5276-4143-86BD-467CC4E05373}.Ad-Hoc|iPhone.Deploy.0 = Release|Any CPU
		{B22073E8-5276-4143-86BD-467CC4E05373}.Ad-Hoc|iPhoneSimulator.ActiveCfg = Release|Any CPU
		{B22073E8-5276-4143-86BD-467CC4E05373}.Ad-Hoc|iPhoneSimulator.Build.0 = Release|Any CPU
		{B22073E8-5276-4143-86BD-467CC4E05373}.Ad-Hoc|iPhoneSimulator.Deploy.0 = Release|Any CPU
		{B22073E8-5276-4143-86BD-467CC4E05373}.Ad-Hoc|x64.ActiveCfg = Release|Any CPU
		{B22073E8-5276-4143-86BD-467CC4E05373}.Ad-Hoc|x64.Build.0 = Release|Any CPU
		{B22073E8-5276-4143-86BD-467CC4E05373}.Ad-Hoc|x64.Deploy.0 = Release|Any CPU
		{B22073E8-5276-4143-86BD-467CC4E05373}.Ad-Hoc|x86.ActiveCfg = Release|Any CPU
		{B22073E8-5276-4143-86BD-467CC4E05373}.Ad-Hoc|x86.Build.0 = Release|Any CPU
		{B22073E8-5276-4143-86BD-467CC4E05373}.Ad-Hoc|x86.Deploy.0 = Release|Any CPU
		{B22073E8-5276-4143-86BD-467CC4E05373}.AppStore|Any CPU.ActiveCfg = Release|Any CPU
		{B22073E8-5276-4143-86BD-467CC4E05373}.AppStore|Any CPU.Build.0 = Release|Any CPU
		{B22073E8-5276-4143-86BD-467CC4E05373}.AppStore|Any CPU.Deploy.0 = Release|Any CPU
		{B22073E8-5276-4143-86BD-467CC4E05373}.AppStore|ARM.ActiveCfg = Release|Any CPU
		{B22073E8-5276-4143-86BD-467CC4E05373}.AppStore|ARM.Build.0 = Release|Any CPU
		{B22073E8-5276-4143-86BD-467CC4E05373}.AppStore|ARM.Deploy.0 = Release|Any CPU
		{B22073E8-5276-4143-86BD-467CC4E05373}.AppStore|iPhone.ActiveCfg = Release|Any CPU
		{B22073E8-5276-4143-86BD-467CC4E05373}.AppStore|iPhone.Build.0 = Release|Any CPU
		{B22073E8-5276-4143-86BD-467CC4E05373}.AppStore|iPhone.Deploy.0 = Release|Any CPU
		{B22073E8-5276-4143-86BD-467CC4E05373}.AppStore|iPhoneSimulator.ActiveCfg = Release|Any CPU
		{B22073E8-5276-4143-86BD-467CC4E05373}.AppStore|iPhoneSimulator.Build.0 = Release|Any CPU
		{B22073E8-5276-4143-86BD-467CC4E05373}.AppStore|iPhoneSimulator.Deploy.0 = Release|Any CPU
		{B22073E8-5276-4143-86BD-467CC4E05373}.AppStore|x64.ActiveCfg = Release|Any CPU
		{B22073E8-5276-4143-86BD-467CC4E05373}.AppStore|x64.Build.0 = Release|Any CPU
		{B22073E8-5276-4143-86BD-467CC4E05373}.AppStore|x64.Deploy.0 = Release|Any CPU
		{B22073E8-5276-4143-86BD-467CC4E05373}.AppStore|x86.ActiveCfg = Release|Any CPU
		{B22073E8-5276-4143-86BD-467CC4E05373}.AppStore|x86.Build.0 = Release|Any CPU
		{B22073E8-5276-4143-86BD-467CC4E05373}.AppStore|x86.Deploy.0 = Release|Any CPU
		{B22073E8-5276-4143-86BD-467CC4E05373}.Debug|Any CPU.ActiveCfg = Debug|Any CPU
		{B22073E8-5276-4143-86BD-467CC4E05373}.Debug|Any CPU.Build.0 = Debug|Any CPU
		{B22073E8-5276-4143-86BD-467CC4E05373}.Debug|Any CPU.Deploy.0 = Debug|Any CPU
		{B22073E8-5276-4143-86BD-467CC4E05373}.Debug|ARM.ActiveCfg = Debug|Any CPU
		{B22073E8-5276-4143-86BD-467CC4E05373}.Debug|ARM.Build.0 = Debug|Any CPU
		{B22073E8-5276-4143-86BD-467CC4E05373}.Debug|ARM.Deploy.0 = Debug|Any CPU
		{B22073E8-5276-4143-86BD-467CC4E05373}.Debug|iPhone.ActiveCfg = Debug|Any CPU
		{B22073E8-5276-4143-86BD-467CC4E05373}.Debug|iPhone.Build.0 = Debug|Any CPU
		{B22073E8-5276-4143-86BD-467CC4E05373}.Debug|iPhone.Deploy.0 = Debug|Any CPU
		{B22073E8-5276-4143-86BD-467CC4E05373}.Debug|iPhoneSimulator.ActiveCfg = Debug|Any CPU
		{B22073E8-5276-4143-86BD-467CC4E05373}.Debug|iPhoneSimulator.Build.0 = Debug|Any CPU
		{B22073E8-5276-4143-86BD-467CC4E05373}.Debug|iPhoneSimulator.Deploy.0 = Debug|Any CPU
		{B22073E8-5276-4143-86BD-467CC4E05373}.Debug|x64.ActiveCfg = Debug|Any CPU
		{B22073E8-5276-4143-86BD-467CC4E05373}.Debug|x64.Build.0 = Debug|Any CPU
		{B22073E8-5276-4143-86BD-467CC4E05373}.Debug|x64.Deploy.0 = Debug|Any CPU
		{B22073E8-5276-4143-86BD-467CC4E05373}.Debug|x86.ActiveCfg = Debug|Any CPU
		{B22073E8-5276-4143-86BD-467CC4E05373}.Debug|x86.Build.0 = Debug|Any CPU
		{B22073E8-5276-4143-86BD-467CC4E05373}.Debug|x86.Deploy.0 = Debug|Any CPU
		{B22073E8-5276-4143-86BD-467CC4E05373}.Release|Any CPU.ActiveCfg = Release|Any CPU
		{B22073E8-5276-4143-86BD-467CC4E05373}.Release|Any CPU.Build.0 = Release|Any CPU
		{B22073E8-5276-4143-86BD-467CC4E05373}.Release|Any CPU.Deploy.0 = Release|Any CPU
		{B22073E8-5276-4143-86BD-467CC4E05373}.Release|ARM.ActiveCfg = Release|Any CPU
		{B22073E8-5276-4143-86BD-467CC4E05373}.Release|ARM.Build.0 = Release|Any CPU
		{B22073E8-5276-4143-86BD-467CC4E05373}.Release|ARM.Deploy.0 = Release|Any CPU
		{B22073E8-5276-4143-86BD-467CC4E05373}.Release|iPhone.ActiveCfg = Release|Any CPU
		{B22073E8-5276-4143-86BD-467CC4E05373}.Release|iPhone.Build.0 = Release|Any CPU
		{B22073E8-5276-4143-86BD-467CC4E05373}.Release|iPhone.Deploy.0 = Release|Any CPU
		{B22073E8-5276-4143-86BD-467CC4E05373}.Release|iPhoneSimulator.ActiveCfg = Release|Any CPU
		{B22073E8-5276-4143-86BD-467CC4E05373}.Release|iPhoneSimulator.Build.0 = Release|Any CPU
		{B22073E8-5276-4143-86BD-467CC4E05373}.Release|iPhoneSimulator.Deploy.0 = Release|Any CPU
		{B22073E8-5276-4143-86BD-467CC4E05373}.Release|x64.ActiveCfg = Release|Any CPU
		{B22073E8-5276-4143-86BD-467CC4E05373}.Release|x64.Build.0 = Release|Any CPU
		{B22073E8-5276-4143-86BD-467CC4E05373}.Release|x64.Deploy.0 = Release|Any CPU
		{B22073E8-5276-4143-86BD-467CC4E05373}.Release|x86.ActiveCfg = Release|Any CPU
		{B22073E8-5276-4143-86BD-467CC4E05373}.Release|x86.Build.0 = Release|Any CPU
		{B22073E8-5276-4143-86BD-467CC4E05373}.Release|x86.Deploy.0 = Release|Any CPU
		{75C1FE5A-F265-4647-AA46-19634ADC391E}.Ad-Hoc|Any CPU.ActiveCfg = Ad-Hoc|iPhone
		{75C1FE5A-F265-4647-AA46-19634ADC391E}.Ad-Hoc|ARM.ActiveCfg = Ad-Hoc|iPhone
		{75C1FE5A-F265-4647-AA46-19634ADC391E}.Ad-Hoc|iPhone.ActiveCfg = Ad-Hoc|iPhone
		{75C1FE5A-F265-4647-AA46-19634ADC391E}.Ad-Hoc|iPhone.Build.0 = Ad-Hoc|iPhone
		{75C1FE5A-F265-4647-AA46-19634ADC391E}.Ad-Hoc|iPhoneSimulator.ActiveCfg = Ad-Hoc|iPhoneSimulator
		{75C1FE5A-F265-4647-AA46-19634ADC391E}.Ad-Hoc|iPhoneSimulator.Build.0 = Ad-Hoc|iPhoneSimulator
		{75C1FE5A-F265-4647-AA46-19634ADC391E}.Ad-Hoc|x64.ActiveCfg = Ad-Hoc|iPhone
		{75C1FE5A-F265-4647-AA46-19634ADC391E}.Ad-Hoc|x86.ActiveCfg = Ad-Hoc|iPhone
		{75C1FE5A-F265-4647-AA46-19634ADC391E}.AppStore|Any CPU.ActiveCfg = AppStore|iPhone
		{75C1FE5A-F265-4647-AA46-19634ADC391E}.AppStore|ARM.ActiveCfg = AppStore|iPhone
		{75C1FE5A-F265-4647-AA46-19634ADC391E}.AppStore|iPhone.ActiveCfg = AppStore|iPhone
		{75C1FE5A-F265-4647-AA46-19634ADC391E}.AppStore|iPhone.Build.0 = AppStore|iPhone
		{75C1FE5A-F265-4647-AA46-19634ADC391E}.AppStore|iPhoneSimulator.ActiveCfg = AppStore|iPhoneSimulator
		{75C1FE5A-F265-4647-AA46-19634ADC391E}.AppStore|iPhoneSimulator.Build.0 = AppStore|iPhoneSimulator
		{75C1FE5A-F265-4647-AA46-19634ADC391E}.AppStore|x64.ActiveCfg = AppStore|iPhone
		{75C1FE5A-F265-4647-AA46-19634ADC391E}.AppStore|x86.ActiveCfg = AppStore|iPhone
		{75C1FE5A-F265-4647-AA46-19634ADC391E}.Debug|Any CPU.ActiveCfg = Debug|iPhone
		{75C1FE5A-F265-4647-AA46-19634ADC391E}.Debug|ARM.ActiveCfg = Debug|iPhone
		{75C1FE5A-F265-4647-AA46-19634ADC391E}.Debug|iPhone.ActiveCfg = Debug|iPhone
		{75C1FE5A-F265-4647-AA46-19634ADC391E}.Debug|iPhone.Build.0 = Debug|iPhone
		{75C1FE5A-F265-4647-AA46-19634ADC391E}.Debug|iPhoneSimulator.ActiveCfg = Debug|iPhoneSimulator
		{75C1FE5A-F265-4647-AA46-19634ADC391E}.Debug|iPhoneSimulator.Build.0 = Debug|iPhoneSimulator
		{75C1FE5A-F265-4647-AA46-19634ADC391E}.Debug|x64.ActiveCfg = Debug|iPhone
		{75C1FE5A-F265-4647-AA46-19634ADC391E}.Debug|x86.ActiveCfg = Debug|iPhone
		{75C1FE5A-F265-4647-AA46-19634ADC391E}.Release|Any CPU.ActiveCfg = Release|iPhone
		{75C1FE5A-F265-4647-AA46-19634ADC391E}.Release|ARM.ActiveCfg = Release|iPhone
		{75C1FE5A-F265-4647-AA46-19634ADC391E}.Release|iPhone.ActiveCfg = Release|iPhone
		{75C1FE5A-F265-4647-AA46-19634ADC391E}.Release|iPhone.Build.0 = Release|iPhone
		{75C1FE5A-F265-4647-AA46-19634ADC391E}.Release|iPhoneSimulator.ActiveCfg = Release|iPhoneSimulator
		{75C1FE5A-F265-4647-AA46-19634ADC391E}.Release|iPhoneSimulator.Build.0 = Release|iPhoneSimulator
		{75C1FE5A-F265-4647-AA46-19634ADC391E}.Release|x64.ActiveCfg = Release|iPhone
		{75C1FE5A-F265-4647-AA46-19634ADC391E}.Release|x86.ActiveCfg = Release|iPhone
		{65C3D8B8-589A-4EDC-8980-35EACA533763}.Ad-Hoc|Any CPU.ActiveCfg = Release|x86
		{65C3D8B8-589A-4EDC-8980-35EACA533763}.Ad-Hoc|Any CPU.Build.0 = Release|x86
		{65C3D8B8-589A-4EDC-8980-35EACA533763}.Ad-Hoc|Any CPU.Deploy.0 = Release|x86
		{65C3D8B8-589A-4EDC-8980-35EACA533763}.Ad-Hoc|ARM.ActiveCfg = Release|ARM
		{65C3D8B8-589A-4EDC-8980-35EACA533763}.Ad-Hoc|ARM.Build.0 = Release|ARM
		{65C3D8B8-589A-4EDC-8980-35EACA533763}.Ad-Hoc|ARM.Deploy.0 = Release|ARM
		{65C3D8B8-589A-4EDC-8980-35EACA533763}.Ad-Hoc|iPhone.ActiveCfg = Release|x86
		{65C3D8B8-589A-4EDC-8980-35EACA533763}.Ad-Hoc|iPhone.Build.0 = Release|x86
		{65C3D8B8-589A-4EDC-8980-35EACA533763}.Ad-Hoc|iPhone.Deploy.0 = Release|x86
		{65C3D8B8-589A-4EDC-8980-35EACA533763}.Ad-Hoc|iPhoneSimulator.ActiveCfg = Release|x86
		{65C3D8B8-589A-4EDC-8980-35EACA533763}.Ad-Hoc|iPhoneSimulator.Build.0 = Release|x86
		{65C3D8B8-589A-4EDC-8980-35EACA533763}.Ad-Hoc|iPhoneSimulator.Deploy.0 = Release|x86
		{65C3D8B8-589A-4EDC-8980-35EACA533763}.Ad-Hoc|x64.ActiveCfg = Release|x64
		{65C3D8B8-589A-4EDC-8980-35EACA533763}.Ad-Hoc|x64.Build.0 = Release|x64
		{65C3D8B8-589A-4EDC-8980-35EACA533763}.Ad-Hoc|x64.Deploy.0 = Release|x64
		{65C3D8B8-589A-4EDC-8980-35EACA533763}.Ad-Hoc|x86.ActiveCfg = Release|x86
		{65C3D8B8-589A-4EDC-8980-35EACA533763}.Ad-Hoc|x86.Build.0 = Release|x86
		{65C3D8B8-589A-4EDC-8980-35EACA533763}.Ad-Hoc|x86.Deploy.0 = Release|x86
		{65C3D8B8-589A-4EDC-8980-35EACA533763}.AppStore|Any CPU.ActiveCfg = Release|x86
		{65C3D8B8-589A-4EDC-8980-35EACA533763}.AppStore|Any CPU.Build.0 = Release|x86
		{65C3D8B8-589A-4EDC-8980-35EACA533763}.AppStore|Any CPU.Deploy.0 = Release|x86
		{65C3D8B8-589A-4EDC-8980-35EACA533763}.AppStore|ARM.ActiveCfg = Release|ARM
		{65C3D8B8-589A-4EDC-8980-35EACA533763}.AppStore|ARM.Build.0 = Release|ARM
		{65C3D8B8-589A-4EDC-8980-35EACA533763}.AppStore|ARM.Deploy.0 = Release|ARM
		{65C3D8B8-589A-4EDC-8980-35EACA533763}.AppStore|iPhone.ActiveCfg = Release|x86
		{65C3D8B8-589A-4EDC-8980-35EACA533763}.AppStore|iPhone.Build.0 = Release|x86
		{65C3D8B8-589A-4EDC-8980-35EACA533763}.AppStore|iPhone.Deploy.0 = Release|x86
		{65C3D8B8-589A-4EDC-8980-35EACA533763}.AppStore|iPhoneSimulator.ActiveCfg = Release|x86
		{65C3D8B8-589A-4EDC-8980-35EACA533763}.AppStore|iPhoneSimulator.Build.0 = Release|x86
		{65C3D8B8-589A-4EDC-8980-35EACA533763}.AppStore|iPhoneSimulator.Deploy.0 = Release|x86
		{65C3D8B8-589A-4EDC-8980-35EACA533763}.AppStore|x64.ActiveCfg = Release|x64
		{65C3D8B8-589A-4EDC-8980-35EACA533763}.AppStore|x64.Build.0 = Release|x64
		{65C3D8B8-589A-4EDC-8980-35EACA533763}.AppStore|x64.Deploy.0 = Release|x64
		{65C3D8B8-589A-4EDC-8980-35EACA533763}.AppStore|x86.ActiveCfg = Release|x86
		{65C3D8B8-589A-4EDC-8980-35EACA533763}.AppStore|x86.Build.0 = Release|x86
		{65C3D8B8-589A-4EDC-8980-35EACA533763}.AppStore|x86.Deploy.0 = Release|x86
		{65C3D8B8-589A-4EDC-8980-35EACA533763}.Debug|Any CPU.ActiveCfg = Debug|x86
		{65C3D8B8-589A-4EDC-8980-35EACA533763}.Debug|ARM.ActiveCfg = Debug|ARM
		{65C3D8B8-589A-4EDC-8980-35EACA533763}.Debug|ARM.Build.0 = Debug|ARM
		{65C3D8B8-589A-4EDC-8980-35EACA533763}.Debug|ARM.Deploy.0 = Debug|ARM
		{65C3D8B8-589A-4EDC-8980-35EACA533763}.Debug|iPhone.ActiveCfg = Debug|x86
		{65C3D8B8-589A-4EDC-8980-35EACA533763}.Debug|iPhoneSimulator.ActiveCfg = Debug|x86
		{65C3D8B8-589A-4EDC-8980-35EACA533763}.Debug|x64.ActiveCfg = Debug|x64
		{65C3D8B8-589A-4EDC-8980-35EACA533763}.Debug|x64.Build.0 = Debug|x64
		{65C3D8B8-589A-4EDC-8980-35EACA533763}.Debug|x64.Deploy.0 = Debug|x64
		{65C3D8B8-589A-4EDC-8980-35EACA533763}.Debug|x86.ActiveCfg = Debug|x86
		{65C3D8B8-589A-4EDC-8980-35EACA533763}.Debug|x86.Build.0 = Debug|x86
		{65C3D8B8-589A-4EDC-8980-35EACA533763}.Debug|x86.Deploy.0 = Debug|x86
		{65C3D8B8-589A-4EDC-8980-35EACA533763}.Release|Any CPU.ActiveCfg = Release|x86
		{65C3D8B8-589A-4EDC-8980-35EACA533763}.Release|ARM.ActiveCfg = Release|ARM
		{65C3D8B8-589A-4EDC-8980-35EACA533763}.Release|ARM.Build.0 = Release|ARM
		{65C3D8B8-589A-4EDC-8980-35EACA533763}.Release|ARM.Deploy.0 = Release|ARM
		{65C3D8B8-589A-4EDC-8980-35EACA533763}.Release|iPhone.ActiveCfg = Release|x86
		{65C3D8B8-589A-4EDC-8980-35EACA533763}.Release|iPhoneSimulator.ActiveCfg = Release|x86
		{65C3D8B8-589A-4EDC-8980-35EACA533763}.Release|x64.ActiveCfg = Release|x64
		{65C3D8B8-589A-4EDC-8980-35EACA533763}.Release|x64.Build.0 = Release|x64
		{65C3D8B8-589A-4EDC-8980-35EACA533763}.Release|x64.Deploy.0 = Release|x64
		{65C3D8B8-589A-4EDC-8980-35EACA533763}.Release|x86.ActiveCfg = Release|x86
		{65C3D8B8-589A-4EDC-8980-35EACA533763}.Release|x86.Build.0 = Release|x86
		{65C3D8B8-589A-4EDC-8980-35EACA533763}.Release|x86.Deploy.0 = Release|x86
		{76B83629-EDFB-4BD5-914E-61FFC51B71A7}.Ad-Hoc|Any CPU.ActiveCfg = Debug|Any CPU
		{76B83629-EDFB-4BD5-914E-61FFC51B71A7}.Ad-Hoc|Any CPU.Build.0 = Debug|Any CPU
		{76B83629-EDFB-4BD5-914E-61FFC51B71A7}.Ad-Hoc|ARM.ActiveCfg = Debug|Any CPU
		{76B83629-EDFB-4BD5-914E-61FFC51B71A7}.Ad-Hoc|ARM.Build.0 = Debug|Any CPU
		{76B83629-EDFB-4BD5-914E-61FFC51B71A7}.Ad-Hoc|iPhone.ActiveCfg = Debug|Any CPU
		{76B83629-EDFB-4BD5-914E-61FFC51B71A7}.Ad-Hoc|iPhone.Build.0 = Debug|Any CPU
		{76B83629-EDFB-4BD5-914E-61FFC51B71A7}.Ad-Hoc|iPhoneSimulator.ActiveCfg = Debug|Any CPU
		{76B83629-EDFB-4BD5-914E-61FFC51B71A7}.Ad-Hoc|iPhoneSimulator.Build.0 = Debug|Any CPU
		{76B83629-EDFB-4BD5-914E-61FFC51B71A7}.Ad-Hoc|x64.ActiveCfg = Debug|Any CPU
		{76B83629-EDFB-4BD5-914E-61FFC51B71A7}.Ad-Hoc|x64.Build.0 = Debug|Any CPU
		{76B83629-EDFB-4BD5-914E-61FFC51B71A7}.Ad-Hoc|x86.ActiveCfg = Debug|Any CPU
		{76B83629-EDFB-4BD5-914E-61FFC51B71A7}.Ad-Hoc|x86.Build.0 = Debug|Any CPU
		{76B83629-EDFB-4BD5-914E-61FFC51B71A7}.AppStore|Any CPU.ActiveCfg = Debug|Any CPU
		{76B83629-EDFB-4BD5-914E-61FFC51B71A7}.AppStore|Any CPU.Build.0 = Debug|Any CPU
		{76B83629-EDFB-4BD5-914E-61FFC51B71A7}.AppStore|ARM.ActiveCfg = Debug|Any CPU
		{76B83629-EDFB-4BD5-914E-61FFC51B71A7}.AppStore|ARM.Build.0 = Debug|Any CPU
		{76B83629-EDFB-4BD5-914E-61FFC51B71A7}.AppStore|iPhone.ActiveCfg = Debug|Any CPU
		{76B83629-EDFB-4BD5-914E-61FFC51B71A7}.AppStore|iPhone.Build.0 = Debug|Any CPU
		{76B83629-EDFB-4BD5-914E-61FFC51B71A7}.AppStore|iPhoneSimulator.ActiveCfg = Debug|Any CPU
		{76B83629-EDFB-4BD5-914E-61FFC51B71A7}.AppStore|iPhoneSimulator.Build.0 = Debug|Any CPU
		{76B83629-EDFB-4BD5-914E-61FFC51B71A7}.AppStore|x64.ActiveCfg = Debug|Any CPU
		{76B83629-EDFB-4BD5-914E-61FFC51B71A7}.AppStore|x64.Build.0 = Debug|Any CPU
		{76B83629-EDFB-4BD5-914E-61FFC51B71A7}.AppStore|x86.ActiveCfg = Debug|Any CPU
		{76B83629-EDFB-4BD5-914E-61FFC51B71A7}.AppStore|x86.Build.0 = Debug|Any CPU
		{76B83629-EDFB-4BD5-914E-61FFC51B71A7}.Debug|Any CPU.ActiveCfg = Debug|Any CPU
		{76B83629-EDFB-4BD5-914E-61FFC51B71A7}.Debug|Any CPU.Build.0 = Debug|Any CPU
		{76B83629-EDFB-4BD5-914E-61FFC51B71A7}.Debug|ARM.ActiveCfg = Debug|Any CPU
		{76B83629-EDFB-4BD5-914E-61FFC51B71A7}.Debug|ARM.Build.0 = Debug|Any CPU
		{76B83629-EDFB-4BD5-914E-61FFC51B71A7}.Debug|iPhone.ActiveCfg = Debug|Any CPU
		{76B83629-EDFB-4BD5-914E-61FFC51B71A7}.Debug|iPhone.Build.0 = Debug|Any CPU
		{76B83629-EDFB-4BD5-914E-61FFC51B71A7}.Debug|iPhoneSimulator.ActiveCfg = Debug|Any CPU
		{76B83629-EDFB-4BD5-914E-61FFC51B71A7}.Debug|iPhoneSimulator.Build.0 = Debug|Any CPU
		{76B83629-EDFB-4BD5-914E-61FFC51B71A7}.Debug|x64.ActiveCfg = Debug|Any CPU
		{76B83629-EDFB-4BD5-914E-61FFC51B71A7}.Debug|x64.Build.0 = Debug|Any CPU
		{76B83629-EDFB-4BD5-914E-61FFC51B71A7}.Debug|x86.ActiveCfg = Debug|Any CPU
		{76B83629-EDFB-4BD5-914E-61FFC51B71A7}.Debug|x86.Build.0 = Debug|Any CPU
		{76B83629-EDFB-4BD5-914E-61FFC51B71A7}.Release|Any CPU.ActiveCfg = Release|Any CPU
		{76B83629-EDFB-4BD5-914E-61FFC51B71A7}.Release|Any CPU.Build.0 = Release|Any CPU
		{76B83629-EDFB-4BD5-914E-61FFC51B71A7}.Release|ARM.ActiveCfg = Release|Any CPU
		{76B83629-EDFB-4BD5-914E-61FFC51B71A7}.Release|ARM.Build.0 = Release|Any CPU
		{76B83629-EDFB-4BD5-914E-61FFC51B71A7}.Release|iPhone.ActiveCfg = Release|Any CPU
		{76B83629-EDFB-4BD5-914E-61FFC51B71A7}.Release|iPhone.Build.0 = Release|Any CPU
		{76B83629-EDFB-4BD5-914E-61FFC51B71A7}.Release|iPhoneSimulator.ActiveCfg = Release|Any CPU
		{76B83629-EDFB-4BD5-914E-61FFC51B71A7}.Release|iPhoneSimulator.Build.0 = Release|Any CPU
		{76B83629-EDFB-4BD5-914E-61FFC51B71A7}.Release|x64.ActiveCfg = Release|Any CPU
		{76B83629-EDFB-4BD5-914E-61FFC51B71A7}.Release|x64.Build.0 = Release|Any CPU
		{76B83629-EDFB-4BD5-914E-61FFC51B71A7}.Release|x86.ActiveCfg = Release|Any CPU
		{76B83629-EDFB-4BD5-914E-61FFC51B71A7}.Release|x86.Build.0 = Release|Any CPU
	EndGlobalSection
	GlobalSection(SolutionProperties) = preSolution
		HideSolutionNode = FALSE
	EndGlobalSection
	GlobalSection(NestedProjects) = preSolution
		{B22073E8-5276-4143-86BD-467CC4E05373} = {F3C6EE63-3539-4AD4-B222-2E6D7EB6ADA3}
		{75C1FE5A-F265-4647-AA46-19634ADC391E} = {F3C6EE63-3539-4AD4-B222-2E6D7EB6ADA3}
		{65C3D8B8-589A-4EDC-8980-35EACA533763} = {F3C6EE63-3539-4AD4-B222-2E6D7EB6ADA3}
	EndGlobalSection
	GlobalSection(ExtensibilityGlobals) = postSolution
		SolutionGuid = {3F0F6871-715A-4220-BC26-4E0DEB2EF4CC}
	EndGlobalSection
EndGlobal
