
Microsoft Visual Studio Solution File, Format Version 12.00
# Visual Studio 15
VisualStudioVersion = 15.0.27703.2035
MinimumVisualStudioVersion = 10.0.40219.1
Project("{FAE04EC0-301F-11D3-BF4B-00C04F79EFBC}") = "AVGEngine.Android", "AVGEngine\AVGEngine.Android\AVGEngine.Android.csproj", "{2E16856A-FFC0-46BF-B46B-8781FD668C81}"
EndProject
Project("{FAE04EC0-301F-11D3-BF4B-00C04F79EFBC}") = "AVGEngine.iOS", "AVGEngine\AVGEngine.iOS\AVGEngine.iOS.csproj", "{76C0BD94-F65C-4CC9-8BB9-20179D8D4896}"
EndProject
Project("{FAE04EC0-301F-11D3-BF4B-00C04F79EFBC}") = "AVGEngine.UWP", "AVGEngine\AVGEngine.UWP\AVGEngine.UWP.csproj", "{BA730E2C-360D-40FF-BE1B-2B8F7D844104}"
EndProject
Project("{D954291E-2A0B-460D-934E-DC6B0785DB48}") = "AVGEngine", "AVGEngine\AVGEngine\AVGEngine.shproj", "{E70DEF11-537B-4751-9329-B26C7E609CB7}"
EndProject
Global
	GlobalSection(SharedMSBuildProjectFiles) = preSolution
		AVGEngine\AVGEngine\AVGEngine.projitems*{2e16856a-ffc0-46bf-b46b-8781fd668c81}*SharedItemsImports = 4
		AVGEngine\AVGEngine\AVGEngine.projitems*{76c0bd94-f65c-4cc9-8bb9-20179d8d4896}*SharedItemsImports = 4
		AVGEngine\AVGEngine\AVGEngine.projitems*{ba730e2c-360d-40ff-be1b-2b8f7d844104}*SharedItemsImports = 4
		AVGEngine\AVGEngine\AVGEngine.projitems*{e70def11-537b-4751-9329-b26c7e609cb7}*SharedItemsImports = 13
	EndGlobalSection
	GlobalSection(SolutionConfigurationPlatforms) = preSolution
		Ad-Hoc|Any CPU = Ad-Hoc|Any CPU
		Ad-Hoc|ARM = Ad-Hoc|ARM
		Ad-Hoc|iPhone = Ad-Hoc|iPhone
		Ad-Hoc|iPhoneSimulator = Ad-Hoc|iPhoneSimulator
		Ad-Hoc|x64 = Ad-Hoc|x64
		Ad-Hoc|x86 = Ad-Hoc|x86
		AppStore|Any CPU = AppStore|Any CPU
		AppStore|ARM = AppStore|ARM
		AppStore|iPhone = AppStore|iPhone
		AppStore|iPhoneSimulator = AppStore|iPhoneSimulator
		AppStore|x64 = AppStore|x64
		AppStore|x86 = AppStore|x86
		Debug|Any CPU = Debug|Any CPU
		Debug|ARM = Debug|ARM
		Debug|iPhone = Debug|iPhone
		Debug|iPhoneSimulator = Debug|iPhoneSimulator
		Debug|x64 = Debug|x64
		Debug|x86 = Debug|x86
		Release|Any CPU = Release|Any CPU
		Release|ARM = Release|ARM
		Release|iPhone = Release|iPhone
		Release|iPhoneSimulator = Release|iPhoneSimulator
		Release|x64 = Release|x64
		Release|x86 = Release|x86
	EndGlobalSection
	GlobalSection(ProjectConfigurationPlatforms) = postSolution
		{2E16856A-FFC0-46BF-B46B-8781FD668C81}.Ad-Hoc|Any CPU.ActiveCfg = Release|Any CPU
		{2E16856A-FFC0-46BF-B46B-8781FD668C81}.Ad-Hoc|Any CPU.Build.0 = Release|Any CPU
		{2E16856A-FFC0-46BF-B46B-8781FD668C81}.Ad-Hoc|Any CPU.Deploy.0 = Release|Any CPU
		{2E16856A-FFC0-46BF-B46B-8781FD668C81}.Ad-Hoc|ARM.ActiveCfg = Release|Any CPU
		{2E16856A-FFC0-46BF-B46B-8781FD668C81}.Ad-Hoc|ARM.Build.0 = Release|Any CPU
		{2E16856A-FFC0-46BF-B46B-8781FD668C81}.Ad-Hoc|ARM.Deploy.0 = Release|Any CPU
		{2E16856A-FFC0-46BF-B46B-8781FD668C81}.Ad-Hoc|iPhone.ActiveCfg = Release|Any CPU
		{2E16856A-FFC0-46BF-B46B-8781FD668C81}.Ad-Hoc|iPhone.Build.0 = Release|Any CPU
		{2E16856A-FFC0-46BF-B46B-8781FD668C81}.Ad-Hoc|iPhone.Deploy.0 = Release|Any CPU
		{2E16856A-FFC0-46BF-B46B-8781FD668C81}.Ad-Hoc|iPhoneSimulator.ActiveCfg = Release|Any CPU
		{2E16856A-FFC0-46BF-B46B-8781FD668C81}.Ad-Hoc|iPhoneSimulator.Build.0 = Release|Any CPU
		{2E16856A-FFC0-46BF-B46B-8781FD668C81}.Ad-Hoc|iPhoneSimulator.Deploy.0 = Release|Any CPU
		{2E16856A-FFC0-46BF-B46B-8781FD668C81}.Ad-Hoc|x64.ActiveCfg = Release|Any CPU
		{2E16856A-FFC0-46BF-B46B-8781FD668C81}.Ad-Hoc|x64.Build.0 = Release|Any CPU
		{2E16856A-FFC0-46BF-B46B-8781FD668C81}.Ad-Hoc|x64.Deploy.0 = Release|Any CPU
		{2E16856A-FFC0-46BF-B46B-8781FD668C81}.Ad-Hoc|x86.ActiveCfg = Release|Any CPU
		{2E16856A-FFC0-46BF-B46B-8781FD668C81}.Ad-Hoc|x86.Build.0 = Release|Any CPU
		{2E16856A-FFC0-46BF-B46B-8781FD668C81}.Ad-Hoc|x86.Deploy.0 = Release|Any CPU
		{2E16856A-FFC0-46BF-B46B-8781FD668C81}.AppStore|Any CPU.ActiveCfg = Release|Any CPU
		{2E16856A-FFC0-46BF-B46B-8781FD668C81}.AppStore|Any CPU.Build.0 = Release|Any CPU
		{2E16856A-FFC0-46BF-B46B-8781FD668C81}.AppStore|Any CPU.Deploy.0 = Release|Any CPU
		{2E16856A-FFC0-46BF-B46B-8781FD668C81}.AppStore|ARM.ActiveCfg = Release|Any CPU
		{2E16856A-FFC0-46BF-B46B-8781FD668C81}.AppStore|ARM.Build.0 = Release|Any CPU
		{2E16856A-FFC0-46BF-B46B-8781FD668C81}.AppStore|ARM.Deploy.0 = Release|Any CPU
		{2E16856A-FFC0-46BF-B46B-8781FD668C81}.AppStore|iPhone.ActiveCfg = Release|Any CPU
		{2E16856A-FFC0-46BF-B46B-8781FD668C81}.AppStore|iPhone.Build.0 = Release|Any CPU
		{2E16856A-FFC0-46BF-B46B-8781FD668C81}.AppStore|iPhone.Deploy.0 = Release|Any CPU
		{2E16856A-FFC0-46BF-B46B-8781FD668C81}.AppStore|iPhoneSimulator.ActiveCfg = Release|Any CPU
		{2E16856A-FFC0-46BF-B46B-8781FD668C81}.AppStore|iPhoneSimulator.Build.0 = Release|Any CPU
		{2E16856A-FFC0-46BF-B46B-8781FD668C81}.AppStore|iPhoneSimulator.Deploy.0 = Release|Any CPU
		{2E16856A-FFC0-46BF-B46B-8781FD668C81}.AppStore|x64.ActiveCfg = Release|Any CPU
		{2E16856A-FFC0-46BF-B46B-8781FD668C81}.AppStore|x64.Build.0 = Release|Any CPU
		{2E16856A-FFC0-46BF-B46B-8781FD668C81}.AppStore|x64.Deploy.0 = Release|Any CPU
		{2E16856A-FFC0-46BF-B46B-8781FD668C81}.AppStore|x86.ActiveCfg = Release|Any CPU
		{2E16856A-FFC0-46BF-B46B-8781FD668C81}.AppStore|x86.Build.0 = Release|Any CPU
		{2E16856A-FFC0-46BF-B46B-8781FD668C81}.AppStore|x86.Deploy.0 = Release|Any CPU
		{2E16856A-FFC0-46BF-B46B-8781FD668C81}.Debug|Any CPU.ActiveCfg = Debug|Any CPU
		{2E16856A-FFC0-46BF-B46B-8781FD668C81}.Debug|Any CPU.Build.0 = Debug|Any CPU
		{2E16856A-FFC0-46BF-B46B-8781FD668C81}.Debug|Any CPU.Deploy.0 = Debug|Any CPU
		{2E16856A-FFC0-46BF-B46B-8781FD668C81}.Debug|ARM.ActiveCfg = Debug|Any CPU
		{2E16856A-FFC0-46BF-B46B-8781FD668C81}.Debug|ARM.Build.0 = Debug|Any CPU
		{2E16856A-FFC0-46BF-B46B-8781FD668C81}.Debug|ARM.Deploy.0 = Debug|Any CPU
		{2E16856A-FFC0-46BF-B46B-8781FD668C81}.Debug|iPhone.ActiveCfg = Debug|Any CPU
		{2E16856A-FFC0-46BF-B46B-8781FD668C81}.Debug|iPhone.Build.0 = Debug|Any CPU
		{2E16856A-FFC0-46BF-B46B-8781FD668C81}.Debug|iPhone.Deploy.0 = Debug|Any CPU
		{2E16856A-FFC0-46BF-B46B-8781FD668C81}.Debug|iPhoneSimulator.ActiveCfg = Debug|Any CPU
		{2E16856A-FFC0-46BF-B46B-8781FD668C81}.Debug|iPhoneSimulator.Build.0 = Debug|Any CPU
		{2E16856A-FFC0-46BF-B46B-8781FD668C81}.Debug|iPhoneSimulator.Deploy.0 = Debug|Any CPU
		{2E16856A-FFC0-46BF-B46B-8781FD668C81}.Debug|x64.ActiveCfg = Debug|Any CPU
		{2E16856A-FFC0-46BF-B46B-8781FD668C81}.Debug|x64.Build.0 = Debug|Any CPU
		{2E16856A-FFC0-46BF-B46B-8781FD668C81}.Debug|x64.Deploy.0 = Debug|Any CPU
		{2E16856A-FFC0-46BF-B46B-8781FD668C81}.Debug|x86.ActiveCfg = Debug|Any CPU
		{2E16856A-FFC0-46BF-B46B-8781FD668C81}.Debug|x86.Build.0 = Debug|Any CPU
		{2E16856A-FFC0-46BF-B46B-8781FD668C81}.Debug|x86.Deploy.0 = Debug|Any CPU
		{2E16856A-FFC0-46BF-B46B-8781FD668C81}.Release|Any CPU.ActiveCfg = Release|Any CPU
		{2E16856A-FFC0-46BF-B46B-8781FD668C81}.Release|Any CPU.Build.0 = Release|Any CPU
		{2E16856A-FFC0-46BF-B46B-8781FD668C81}.Release|Any CPU.Deploy.0 = Release|Any CPU
		{2E16856A-FFC0-46BF-B46B-8781FD668C81}.Release|ARM.ActiveCfg = Release|Any CPU
		{2E16856A-FFC0-46BF-B46B-8781FD668C81}.Release|ARM.Build.0 = Release|Any CPU
		{2E16856A-FFC0-46BF-B46B-8781FD668C81}.Release|ARM.Deploy.0 = Release|Any CPU
		{2E16856A-FFC0-46BF-B46B-8781FD668C81}.Release|iPhone.ActiveCfg = Release|Any CPU
		{2E16856A-FFC0-46BF-B46B-8781FD668C81}.Release|iPhone.Build.0 = Release|Any CPU
		{2E16856A-FFC0-46BF-B46B-8781FD668C81}.Release|iPhone.Deploy.0 = Release|Any CPU
		{2E16856A-FFC0-46BF-B46B-8781FD668C81}.Release|iPhoneSimulator.ActiveCfg = Release|Any CPU
		{2E16856A-FFC0-46BF-B46B-8781FD668C81}.Release|iPhoneSimulator.Build.0 = Release|Any CPU
		{2E16856A-FFC0-46BF-B46B-8781FD668C81}.Release|iPhoneSimulator.Deploy.0 = Release|Any CPU
		{2E16856A-FFC0-46BF-B46B-8781FD668C81}.Release|x64.ActiveCfg = Release|Any CPU
		{2E16856A-FFC0-46BF-B46B-8781FD668C81}.Release|x64.Build.0 = Release|Any CPU
		{2E16856A-FFC0-46BF-B46B-8781FD668C81}.Release|x64.Deploy.0 = Release|Any CPU
		{2E16856A-FFC0-46BF-B46B-8781FD668C81}.Release|x86.ActiveCfg = Release|Any CPU
		{2E16856A-FFC0-46BF-B46B-8781FD668C81}.Release|x86.Build.0 = Release|Any CPU
		{2E16856A-FFC0-46BF-B46B-8781FD668C81}.Release|x86.Deploy.0 = Release|Any CPU
		{76C0BD94-F65C-4CC9-8BB9-20179D8D4896}.Ad-Hoc|Any CPU.ActiveCfg = Ad-Hoc|iPhone
		{76C0BD94-F65C-4CC9-8BB9-20179D8D4896}.Ad-Hoc|Any CPU.Build.0 = Ad-Hoc|iPhone
		{76C0BD94-F65C-4CC9-8BB9-20179D8D4896}.Ad-Hoc|Any CPU.Deploy.0 = Ad-Hoc|iPhone
		{76C0BD94-F65C-4CC9-8BB9-20179D8D4896}.Ad-Hoc|ARM.ActiveCfg = Ad-Hoc|iPhone
		{76C0BD94-F65C-4CC9-8BB9-20179D8D4896}.Ad-Hoc|ARM.Build.0 = Ad-Hoc|iPhone
		{76C0BD94-F65C-4CC9-8BB9-20179D8D4896}.Ad-Hoc|ARM.Deploy.0 = Ad-Hoc|iPhone
		{76C0BD94-F65C-4CC9-8BB9-20179D8D4896}.Ad-Hoc|iPhone.ActiveCfg = Ad-Hoc|iPhone
		{76C0BD94-F65C-4CC9-8BB9-20179D8D4896}.Ad-Hoc|iPhone.Build.0 = Ad-Hoc|iPhone
		{76C0BD94-F65C-4CC9-8BB9-20179D8D4896}.Ad-Hoc|iPhone.Deploy.0 = Ad-Hoc|iPhone
		{76C0BD94-F65C-4CC9-8BB9-20179D8D4896}.Ad-Hoc|iPhoneSimulator.ActiveCfg = Ad-Hoc|iPhoneSimulator
		{76C0BD94-F65C-4CC9-8BB9-20179D8D4896}.Ad-Hoc|iPhoneSimulator.Build.0 = Ad-Hoc|iPhoneSimulator
		{76C0BD94-F65C-4CC9-8BB9-20179D8D4896}.Ad-Hoc|iPhoneSimulator.Deploy.0 = Ad-Hoc|iPhoneSimulator
		{76C0BD94-F65C-4CC9-8BB9-20179D8D4896}.Ad-Hoc|x64.ActiveCfg = Ad-Hoc|iPhone
		{76C0BD94-F65C-4CC9-8BB9-20179D8D4896}.Ad-Hoc|x64.Build.0 = Ad-Hoc|iPhone
		{76C0BD94-F65C-4CC9-8BB9-20179D8D4896}.Ad-Hoc|x64.Deploy.0 = Ad-Hoc|iPhone
		{76C0BD94-F65C-4CC9-8BB9-20179D8D4896}.Ad-Hoc|x86.ActiveCfg = Ad-Hoc|iPhone
		{76C0BD94-F65C-4CC9-8BB9-20179D8D4896}.Ad-Hoc|x86.Build.0 = Ad-Hoc|iPhone
		{76C0BD94-F65C-4CC9-8BB9-20179D8D4896}.Ad-Hoc|x86.Deploy.0 = Ad-Hoc|iPhone
		{76C0BD94-F65C-4CC9-8BB9-20179D8D4896}.AppStore|Any CPU.ActiveCfg = AppStore|iPhone
		{76C0BD94-F65C-4CC9-8BB9-20179D8D4896}.AppStore|Any CPU.Build.0 = AppStore|iPhone
		{76C0BD94-F65C-4CC9-8BB9-20179D8D4896}.AppStore|Any CPU.Deploy.0 = AppStore|iPhone
		{76C0BD94-F65C-4CC9-8BB9-20179D8D4896}.AppStore|ARM.ActiveCfg = AppStore|iPhone
		{76C0BD94-F65C-4CC9-8BB9-20179D8D4896}.AppStore|ARM.Build.0 = AppStore|iPhone
		{76C0BD94-F65C-4CC9-8BB9-20179D8D4896}.AppStore|ARM.Deploy.0 = AppStore|iPhone
		{76C0BD94-F65C-4CC9-8BB9-20179D8D4896}.AppStore|iPhone.ActiveCfg = AppStore|iPhone
		{76C0BD94-F65C-4CC9-8BB9-20179D8D4896}.AppStore|iPhone.Build.0 = AppStore|iPhone
		{76C0BD94-F65C-4CC9-8BB9-20179D8D4896}.AppStore|iPhone.Deploy.0 = AppStore|iPhone
		{76C0BD94-F65C-4CC9-8BB9-20179D8D4896}.AppStore|iPhoneSimulator.ActiveCfg = AppStore|iPhoneSimulator
		{76C0BD94-F65C-4CC9-8BB9-20179D8D4896}.AppStore|iPhoneSimulator.Build.0 = AppStore|iPhoneSimulator
		{76C0BD94-F65C-4CC9-8BB9-20179D8D4896}.AppStore|iPhoneSimulator.Deploy.0 = AppStore|iPhoneSimulator
		{76C0BD94-F65C-4CC9-8BB9-20179D8D4896}.AppStore|x64.ActiveCfg = AppStore|iPhone
		{76C0BD94-F65C-4CC9-8BB9-20179D8D4896}.AppStore|x64.Build.0 = AppStore|iPhone
		{76C0BD94-F65C-4CC9-8BB9-20179D8D4896}.AppStore|x64.Deploy.0 = AppStore|iPhone
		{76C0BD94-F65C-4CC9-8BB9-20179D8D4896}.AppStore|x86.ActiveCfg = AppStore|iPhone
		{76C0BD94-F65C-4CC9-8BB9-20179D8D4896}.AppStore|x86.Build.0 = AppStore|iPhone
		{76C0BD94-F65C-4CC9-8BB9-20179D8D4896}.AppStore|x86.Deploy.0 = AppStore|iPhone
		{76C0BD94-F65C-4CC9-8BB9-20179D8D4896}.Debug|Any CPU.ActiveCfg = Debug|iPhoneSimulator
		{76C0BD94-F65C-4CC9-8BB9-20179D8D4896}.Debug|Any CPU.Build.0 = Debug|iPhoneSimulator
		{76C0BD94-F65C-4CC9-8BB9-20179D8D4896}.Debug|Any CPU.Deploy.0 = Debug|iPhoneSimulator
		{76C0BD94-F65C-4CC9-8BB9-20179D8D4896}.Debug|ARM.ActiveCfg = Debug|iPhone
		{76C0BD94-F65C-4CC9-8BB9-20179D8D4896}.Debug|ARM.Build.0 = Debug|iPhone
		{76C0BD94-F65C-4CC9-8BB9-20179D8D4896}.Debug|ARM.Deploy.0 = Debug|iPhone
		{76C0BD94-F65C-4CC9-8BB9-20179D8D4896}.Debug|iPhone.ActiveCfg = Debug|iPhone
		{76C0BD94-F65C-4CC9-8BB9-20179D8D4896}.Debug|iPhone.Build.0 = Debug|iPhone
		{76C0BD94-F65C-4CC9-8BB9-20179D8D4896}.Debug|iPhone.Deploy.0 = Debug|iPhone
		{76C0BD94-F65C-4CC9-8BB9-20179D8D4896}.Debug|iPhoneSimulator.ActiveCfg = Debug|iPhoneSimulator
		{76C0BD94-F65C-4CC9-8BB9-20179D8D4896}.Debug|iPhoneSimulator.Build.0 = Debug|iPhoneSimulator
		{76C0BD94-F65C-4CC9-8BB9-20179D8D4896}.Debug|iPhoneSimulator.Deploy.0 = Debug|iPhoneSimulator
		{76C0BD94-F65C-4CC9-8BB9-20179D8D4896}.Debug|x64.ActiveCfg = Debug|iPhone
		{76C0BD94-F65C-4CC9-8BB9-20179D8D4896}.Debug|x64.Build.0 = Debug|iPhone
		{76C0BD94-F65C-4CC9-8BB9-20179D8D4896}.Debug|x64.Deploy.0 = Debug|iPhone
		{76C0BD94-F65C-4CC9-8BB9-20179D8D4896}.Debug|x86.ActiveCfg = Debug|iPhone
		{76C0BD94-F65C-4CC9-8BB9-20179D8D4896}.Debug|x86.Build.0 = Debug|iPhone
		{76C0BD94-F65C-4CC9-8BB9-20179D8D4896}.Debug|x86.Deploy.0 = Debug|iPhone
		{76C0BD94-F65C-4CC9-8BB9-20179D8D4896}.Release|Any CPU.ActiveCfg = Release|iPhone
		{76C0BD94-F65C-4CC9-8BB9-20179D8D4896}.Release|Any CPU.Build.0 = Release|iPhone
		{76C0BD94-F65C-4CC9-8BB9-20179D8D4896}.Release|Any CPU.Deploy.0 = Release|iPhone
		{76C0BD94-F65C-4CC9-8BB9-20179D8D4896}.Release|ARM.ActiveCfg = Release|iPhone
		{76C0BD94-F65C-4CC9-8BB9-20179D8D4896}.Release|ARM.Build.0 = Release|iPhone
		{76C0BD94-F65C-4CC9-8BB9-20179D8D4896}.Release|ARM.Deploy.0 = Release|iPhone
		{76C0BD94-F65C-4CC9-8BB9-20179D8D4896}.Release|iPhone.ActiveCfg = Release|iPhone
		{76C0BD94-F65C-4CC9-8BB9-20179D8D4896}.Release|iPhone.Build.0 = Release|iPhone
		{76C0BD94-F65C-4CC9-8BB9-20179D8D4896}.Release|iPhone.Deploy.0 = Release|iPhone
		{76C0BD94-F65C-4CC9-8BB9-20179D8D4896}.Release|iPhoneSimulator.ActiveCfg = Release|iPhoneSimulator
		{76C0BD94-F65C-4CC9-8BB9-20179D8D4896}.Release|iPhoneSimulator.Build.0 = Release|iPhoneSimulator
		{76C0BD94-F65C-4CC9-8BB9-20179D8D4896}.Release|iPhoneSimulator.Deploy.0 = Release|iPhoneSimulator
		{76C0BD94-F65C-4CC9-8BB9-20179D8D4896}.Release|x64.ActiveCfg = Release|iPhone
		{76C0BD94-F65C-4CC9-8BB9-20179D8D4896}.Release|x64.Build.0 = Release|iPhone
		{76C0BD94-F65C-4CC9-8BB9-20179D8D4896}.Release|x64.Deploy.0 = Release|iPhone
		{76C0BD94-F65C-4CC9-8BB9-20179D8D4896}.Release|x86.ActiveCfg = Release|iPhone
		{76C0BD94-F65C-4CC9-8BB9-20179D8D4896}.Release|x86.Build.0 = Release|iPhone
		{76C0BD94-F65C-4CC9-8BB9-20179D8D4896}.Release|x86.Deploy.0 = Release|iPhone
		{BA730E2C-360D-40FF-BE1B-2B8F7D844104}.Ad-Hoc|Any CPU.ActiveCfg = Release|x86
		{BA730E2C-360D-40FF-BE1B-2B8F7D844104}.Ad-Hoc|Any CPU.Build.0 = Release|x86
		{BA730E2C-360D-40FF-BE1B-2B8F7D844104}.Ad-Hoc|Any CPU.Deploy.0 = Release|x86
		{BA730E2C-360D-40FF-BE1B-2B8F7D844104}.Ad-Hoc|ARM.ActiveCfg = Release|ARM
		{BA730E2C-360D-40FF-BE1B-2B8F7D844104}.Ad-Hoc|ARM.Build.0 = Release|ARM
		{BA730E2C-360D-40FF-BE1B-2B8F7D844104}.Ad-Hoc|ARM.Deploy.0 = Release|ARM
		{BA730E2C-360D-40FF-BE1B-2B8F7D844104}.Ad-Hoc|iPhone.ActiveCfg = Release|x86
		{BA730E2C-360D-40FF-BE1B-2B8F7D844104}.Ad-Hoc|iPhone.Build.0 = Release|x86
		{BA730E2C-360D-40FF-BE1B-2B8F7D844104}.Ad-Hoc|iPhone.Deploy.0 = Release|x86
		{BA730E2C-360D-40FF-BE1B-2B8F7D844104}.Ad-Hoc|iPhoneSimulator.ActiveCfg = Release|x86
		{BA730E2C-360D-40FF-BE1B-2B8F7D844104}.Ad-Hoc|iPhoneSimulator.Build.0 = Release|x86
		{BA730E2C-360D-40FF-BE1B-2B8F7D844104}.Ad-Hoc|iPhoneSimulator.Deploy.0 = Release|x86
		{BA730E2C-360D-40FF-BE1B-2B8F7D844104}.Ad-Hoc|x64.ActiveCfg = Release|x64
		{BA730E2C-360D-40FF-BE1B-2B8F7D844104}.Ad-Hoc|x64.Build.0 = Release|x64
		{BA730E2C-360D-40FF-BE1B-2B8F7D844104}.Ad-Hoc|x64.Deploy.0 = Release|x64
		{BA730E2C-360D-40FF-BE1B-2B8F7D844104}.Ad-Hoc|x86.ActiveCfg = Release|x86
		{BA730E2C-360D-40FF-BE1B-2B8F7D844104}.Ad-Hoc|x86.Build.0 = Release|x86
		{BA730E2C-360D-40FF-BE1B-2B8F7D844104}.Ad-Hoc|x86.Deploy.0 = Release|x86
		{BA730E2C-360D-40FF-BE1B-2B8F7D844104}.AppStore|Any CPU.ActiveCfg = Release|x86
		{BA730E2C-360D-40FF-BE1B-2B8F7D844104}.AppStore|Any CPU.Build.0 = Release|x86
		{BA730E2C-360D-40FF-BE1B-2B8F7D844104}.AppStore|Any CPU.Deploy.0 = Release|x86
		{BA730E2C-360D-40FF-BE1B-2B8F7D844104}.AppStore|ARM.ActiveCfg = Release|ARM
		{BA730E2C-360D-40FF-BE1B-2B8F7D844104}.AppStore|ARM.Build.0 = Release|ARM
		{BA730E2C-360D-40FF-BE1B-2B8F7D844104}.AppStore|ARM.Deploy.0 = Release|ARM
		{BA730E2C-360D-40FF-BE1B-2B8F7D844104}.AppStore|iPhone.ActiveCfg = Release|x86
		{BA730E2C-360D-40FF-BE1B-2B8F7D844104}.AppStore|iPhone.Build.0 = Release|x86
		{BA730E2C-360D-40FF-BE1B-2B8F7D844104}.AppStore|iPhone.Deploy.0 = Release|x86
		{BA730E2C-360D-40FF-BE1B-2B8F7D844104}.AppStore|iPhoneSimulator.ActiveCfg = Release|x86
		{BA730E2C-360D-40FF-BE1B-2B8F7D844104}.AppStore|iPhoneSimulator.Build.0 = Release|x86
		{BA730E2C-360D-40FF-BE1B-2B8F7D844104}.AppStore|iPhoneSimulator.Deploy.0 = Release|x86
		{BA730E2C-360D-40FF-BE1B-2B8F7D844104}.AppStore|x64.ActiveCfg = Release|x64
		{BA730E2C-360D-40FF-BE1B-2B8F7D844104}.AppStore|x64.Build.0 = Release|x64
		{BA730E2C-360D-40FF-BE1B-2B8F7D844104}.AppStore|x64.Deploy.0 = Release|x64
		{BA730E2C-360D-40FF-BE1B-2B8F7D844104}.AppStore|x86.ActiveCfg = Release|x86
		{BA730E2C-360D-40FF-BE1B-2B8F7D844104}.AppStore|x86.Build.0 = Release|x86
		{BA730E2C-360D-40FF-BE1B-2B8F7D844104}.AppStore|x86.Deploy.0 = Release|x86
		{BA730E2C-360D-40FF-BE1B-2B8F7D844104}.Debug|Any CPU.ActiveCfg = Debug|x86
		{BA730E2C-360D-40FF-BE1B-2B8F7D844104}.Debug|Any CPU.Build.0 = Debug|x86
		{BA730E2C-360D-40FF-BE1B-2B8F7D844104}.Debug|Any CPU.Deploy.0 = Debug|x86
		{BA730E2C-360D-40FF-BE1B-2B8F7D844104}.Debug|ARM.ActiveCfg = Debug|ARM
		{BA730E2C-360D-40FF-BE1B-2B8F7D844104}.Debug|ARM.Build.0 = Debug|ARM
		{BA730E2C-360D-40FF-BE1B-2B8F7D844104}.Debug|ARM.Deploy.0 = Debug|ARM
		{BA730E2C-360D-40FF-BE1B-2B8F7D844104}.Debug|iPhone.ActiveCfg = Debug|x86
		{BA730E2C-360D-40FF-BE1B-2B8F7D844104}.Debug|iPhone.Build.0 = Debug|x86
		{BA730E2C-360D-40FF-BE1B-2B8F7D844104}.Debug|iPhone.Deploy.0 = Debug|x86
		{BA730E2C-360D-40FF-BE1B-2B8F7D844104}.Debug|iPhoneSimulator.ActiveCfg = Debug|x86
		{BA730E2C-360D-40FF-BE1B-2B8F7D844104}.Debug|iPhoneSimulator.Build.0 = Debug|x86
		{BA730E2C-360D-40FF-BE1B-2B8F7D844104}.Debug|iPhoneSimulator.Deploy.0 = Debug|x86
		{BA730E2C-360D-40FF-BE1B-2B8F7D844104}.Debug|x64.ActiveCfg = Debug|x64
		{BA730E2C-360D-40FF-BE1B-2B8F7D844104}.Debug|x64.Build.0 = Debug|x64
		{BA730E2C-360D-40FF-BE1B-2B8F7D844104}.Debug|x64.Deploy.0 = Debug|x64
		{BA730E2C-360D-40FF-BE1B-2B8F7D844104}.Debug|x86.ActiveCfg = Debug|x86
		{BA730E2C-360D-40FF-BE1B-2B8F7D844104}.Debug|x86.Build.0 = Debug|x86
		{BA730E2C-360D-40FF-BE1B-2B8F7D844104}.Debug|x86.Deploy.0 = Debug|x86
		{BA730E2C-360D-40FF-BE1B-2B8F7D844104}.Release|Any CPU.ActiveCfg = Release|x86
		{BA730E2C-360D-40FF-BE1B-2B8F7D844104}.Release|Any CPU.Build.0 = Release|x86
		{BA730E2C-360D-40FF-BE1B-2B8F7D844104}.Release|Any CPU.Deploy.0 = Release|x86
		{BA730E2C-360D-40FF-BE1B-2B8F7D844104}.Release|ARM.ActiveCfg = Release|ARM
		{BA730E2C-360D-40FF-BE1B-2B8F7D844104}.Release|ARM.Build.0 = Release|ARM
		{BA730E2C-360D-40FF-BE1B-2B8F7D844104}.Release|ARM.Deploy.0 = Release|ARM
		{BA730E2C-360D-40FF-BE1B-2B8F7D844104}.Release|iPhone.ActiveCfg = Release|x86
		{BA730E2C-360D-40FF-BE1B-2B8F7D844104}.Release|iPhone.Build.0 = Release|x86
		{BA730E2C-360D-40FF-BE1B-2B8F7D844104}.Release|iPhone.Deploy.0 = Release|x86
		{BA730E2C-360D-40FF-BE1B-2B8F7D844104}.Release|iPhoneSimulator.ActiveCfg = Release|x86
		{BA730E2C-360D-40FF-BE1B-2B8F7D844104}.Release|iPhoneSimulator.Build.0 = Release|x86
		{BA730E2C-360D-40FF-BE1B-2B8F7D844104}.Release|iPhoneSimulator.Deploy.0 = Release|x86
		{BA730E2C-360D-40FF-BE1B-2B8F7D844104}.Release|x64.ActiveCfg = Release|x64
		{BA730E2C-360D-40FF-BE1B-2B8F7D844104}.Release|x64.Build.0 = Release|x64
		{BA730E2C-360D-40FF-BE1B-2B8F7D844104}.Release|x64.Deploy.0 = Release|x64
		{BA730E2C-360D-40FF-BE1B-2B8F7D844104}.Release|x86.ActiveCfg = Release|x86
		{BA730E2C-360D-40FF-BE1B-2B8F7D844104}.Release|x86.Build.0 = Release|x86
		{BA730E2C-360D-40FF-BE1B-2B8F7D844104}.Release|x86.Deploy.0 = Release|x86
	EndGlobalSection
	GlobalSection(SolutionProperties) = preSolution
		HideSolutionNode = FALSE
	EndGlobalSection
	GlobalSection(ExtensibilityGlobals) = postSolution
		SolutionGuid = {3F0F6871-715A-4220-BC26-4E0DEB2EF4CC}
	EndGlobalSection
EndGlobal
